
Microsoft Visual Studio Solution File, Format Version 12.00
# Visual Studio Version 16
VisualStudioVersion = 16.0.30320.27
MinimumVisualStudioVersion = 10.0.40219.1
Project("{FAE04EC0-301F-11D3-BF4B-00C04F79EFBC}") = "BE", "BE\BE.csproj", "{5C430334-C0DE-4536-81AE-AE094EAF8A39}"
EndProject
Project("{FAE04EC0-301F-11D3-BF4B-00C04F79EFBC}") = "DAL", "DAL\DAL.csproj", "{7A4D1212-EBA6-4370-AE48-02CDEA95D4F0}"
EndProject
Project("{FAE04EC0-301F-11D3-BF4B-00C04F79EFBC}") = "DS", "DS\DS.csproj", "{45C52D2A-1116-460D-B10B-3F07EE25D59D}"
EndProject
Project("{FAE04EC0-301F-11D3-BF4B-00C04F79EFBC}") = "BL", "BL\BL.csproj", "{931617A8-E0A9-45A4-97F0-218D74F7D5CE}"
EndProject
Global
	GlobalSection(SolutionConfigurationPlatforms) = preSolution
		Debug|Any CPU = Debug|Any CPU
		Release|Any CPU = Release|Any CPU
	EndGlobalSection
	GlobalSection(ProjectConfigurationPlatforms) = postSolution
		{5C430334-C0DE-4536-81AE-AE094EAF8A39}.Debug|Any CPU.ActiveCfg = Debug|Any CPU
		{5C430334-C0DE-4536-81AE-AE094EAF8A39}.Debug|Any CPU.Build.0 = Debug|Any CPU
		{5C430334-C0DE-4536-81AE-AE094EAF8A39}.Release|Any CPU.ActiveCfg = Release|Any CPU
		{5C430334-C0DE-4536-81AE-AE094EAF8A39}.Release|Any CPU.Build.0 = Release|Any CPU
		{7A4D1212-EBA6-4370-AE48-02CDEA95D4F0}.Debug|Any CPU.ActiveCfg = Debug|Any CPU
		{7A4D1212-EBA6-4370-AE48-02CDEA95D4F0}.Debug|Any CPU.Build.0 = Debug|Any CPU
		{7A4D1212-EBA6-4370-AE48-02CDEA95D4F0}.Release|Any CPU.ActiveCfg = Release|Any CPU
		{7A4D1212-EBA6-4370-AE48-02CDEA95D4F0}.Release|Any CPU.Build.0 = Release|Any CPU
		{45C52D2A-1116-460D-B10B-3F07EE25D59D}.Debug|Any CPU.ActiveCfg = Debug|Any CPU
		{45C52D2A-1116-460D-B10B-3F07EE25D59D}.Debug|Any CPU.Build.0 = Debug|Any CPU
		{45C52D2A-1116-460D-B10B-3F07EE25D59D}.Release|Any CPU.ActiveCfg = Release|Any CPU
		{45C52D2A-1116-460D-B10B-3F07EE25D59D}.Release|Any CPU.Build.0 = Release|Any CPU
		{931617A8-E0A9-45A4-97F0-218D74F7D5CE}.Debug|Any CPU.ActiveCfg = Debug|Any CPU
		{931617A8-E0A9-45A4-97F0-218D74F7D5CE}.Debug|Any CPU.Build.0 = Debug|Any CPU
		{931617A8-E0A9-45A4-97F0-218D74F7D5CE}.Release|Any CPU.ActiveCfg = Release|Any CPU
		{931617A8-E0A9-45A4-97F0-218D74F7D5CE}.Release|Any CPU.Build.0 = Release|Any CPU
	EndGlobalSection
	GlobalSection(SolutionProperties) = preSolution
		HideSolutionNode = FALSE
	EndGlobalSection
	GlobalSection(ExtensibilityGlobals) = postSolution
		SolutionGuid = {93A3375E-5AD7-4949-BA2E-8FE17E23C28E}
	EndGlobalSection
EndGlobal
